
Microsoft Visual Studio Solution File, Format Version 12.00
# Visual Studio 14
VisualStudioVersion = 14.0.24720.0
MinimumVisualStudioVersion = 10.0.40219.1
Project("{FAE04EC0-301F-11D3-BF4B-00C04F79EFBC}") = "SyncTool", "SyncTool\main\SyncTool.csproj", "{7BA544F9-AE57-4D3B-8DCD-74BBFAC64AE8}"
EndProject
Project("{FAE04EC0-301F-11D3-BF4B-00C04F79EFBC}") = "SyncTool.FileSystem", "SyncTool.FileSystem\main\SyncTool.FileSystem.csproj", "{1E3E5912-B315-43A8-8415-91217892BEDA}"
EndProject
Project("{FAE04EC0-301F-11D3-BF4B-00C04F79EFBC}") = "SyncTool.FileSystem.Git", "SyncTool.FileSystem.Git\main\SyncTool.FileSystem.Git.csproj", "{142013EC-F091-4235-A5D1-04019E795146}"
EndProject
Project("{2150E333-8FDC-42A3-9474-1A3956D46DE8}") = "SyncTool", "SyncTool", "{56043B5F-C763-488B-9699-D5250B2DDB1E}"
	ProjectSection(SolutionItems) = preProject
		SyncTool\references.proj = SyncTool\references.proj
	EndProjectSection
EndProject
Project("{2150E333-8FDC-42A3-9474-1A3956D46DE8}") = "SyncTool.FileSystem", "SyncTool.FileSystem", "{88AE0552-700A-4A37-A768-BABA4C4253B8}"
	ProjectSection(SolutionItems) = preProject
		SyncTool.FileSystem\references.proj = SyncTool.FileSystem\references.proj
	EndProjectSection
EndProject
Project("{2150E333-8FDC-42A3-9474-1A3956D46DE8}") = "SyncTool.FileSystem.Git", "SyncTool.FileSystem.Git", "{50224086-614B-41D4-8775-9F9A9B9764A0}"
	ProjectSection(SolutionItems) = preProject
		SyncTool.FileSystem.Git\references.proj = SyncTool.FileSystem.Git\references.proj
	EndProjectSection
EndProject
Project("{FAE04EC0-301F-11D3-BF4B-00C04F79EFBC}") = "SyncTool.Test", "SyncTool\test\SyncTool.Test.csproj", "{FBC69896-8B65-4C09-8B8D-634272B41DDB}"
EndProject
Project("{FAE04EC0-301F-11D3-BF4B-00C04F79EFBC}") = "SyncTool.FileSystem.Test", "SyncTool.FileSystem\test\SyncTool.FileSystem.Test.csproj", "{7F7F158B-EB20-4354-89D9-C415CD8E3B21}"
EndProject
Project("{FAE04EC0-301F-11D3-BF4B-00C04F79EFBC}") = "SyncTool.FileSystem.Git.Test", "SyncTool.FileSystem.Git\test\SyncTool.FileSystem.Git.Test.csproj", "{4B588A94-AA4F-494E-BB35-283F09172745}"
EndProject
Project("{2150E333-8FDC-42A3-9474-1A3956D46DE8}") = "common", "common", "{D09F19C8-EF3C-47B4-9F1E-CD4B3AB8B752}"
	ProjectSection(SolutionItems) = preProject
		common\CommonProperties.properties = common\CommonProperties.properties
		common\GlobalAssemblyInfo.cs = common\GlobalAssemblyInfo.cs
	EndProjectSection
EndProject
Project("{2150E333-8FDC-42A3-9474-1A3956D46DE8}") = "SyncTool.Common", "SyncTool.Common", "{72F683F1-2F75-4541-AA3D-F07A86441025}"
	ProjectSection(SolutionItems) = preProject
		SyncTool.Common\references.proj = SyncTool.Common\references.proj
	EndProjectSection
EndProject
Project("{FAE04EC0-301F-11D3-BF4B-00C04F79EFBC}") = "SyncTool.Common", "SyncTool.Common\main\SyncTool.Common.csproj", "{8495C561-6553-45F8-BA04-72486273AE47}"
EndProject
Project("{FAE04EC0-301F-11D3-BF4B-00C04F79EFBC}") = "SyncTool.Common.Test", "SyncTool.Common\test\SyncTool.Common.Test.csproj", "{DA54C484-4021-4628-BBF0-DFCA543A585A}"
EndProject
Project("{2150E333-8FDC-42A3-9474-1A3956D46DE8}") = "SyncTool.FileSystem.Versioning", "SyncTool.FileSystem.Versioning", "{EB11C69D-FB63-4E45-9AF4-743DDED3415F}"
	ProjectSection(SolutionItems) = preProject
		SyncTool.FileSystem.Versioning\references.proj = SyncTool.FileSystem.Versioning\references.proj
	EndProjectSection
EndProject
Project("{FAE04EC0-301F-11D3-BF4B-00C04F79EFBC}") = "SyncTool.FileSystem.Versioning", "SyncTool.FileSystem.Versioning\main\SyncTool.FileSystem.Versioning.csproj", "{70919335-5F89-4324-BCDB-8B41C7A2CA7E}"
EndProject
Project("{FAE04EC0-301F-11D3-BF4B-00C04F79EFBC}") = "SyncTool.FileSystem.Versioning.Test", "SyncTool.FileSystem.Versioning\test\SyncTool.FileSystem.Versioning.Test.csproj", "{C30BAFAC-DD15-4FC6-9B8B-334F9682290D}"
EndProject
Project("{2150E333-8FDC-42A3-9474-1A3956D46DE8}") = "SyncTool.Configuration", "SyncTool.Configuration", "{186937B9-6BE7-4A84-B62D-EEC0E48DF76F}"
	ProjectSection(SolutionItems) = preProject
		SyncTool.Configuration\references.proj = SyncTool.Configuration\references.proj
	EndProjectSection
EndProject
Project("{FAE04EC0-301F-11D3-BF4B-00C04F79EFBC}") = "SyncTool.Configuration", "SyncTool.Configuration\main\SyncTool.Configuration.csproj", "{4C4DFBC8-1DD7-4EA3-9EF5-C06693560784}"
EndProject
Project("{FAE04EC0-301F-11D3-BF4B-00C04F79EFBC}") = "SyncTool.Configuration.Test", "SyncTool.Configuration\test\SyncTool.Configuration.Test.csproj", "{3F0F54E2-C072-44C1-B723-1D7CD1996B1F}"
EndProject
Project("{2150E333-8FDC-42A3-9474-1A3956D46DE8}") = "SyncTool.Configuration.Git", "SyncTool.Configuration.Git", "{B1616FE7-DD34-4099-B5FB-30B6DC42E709}"
	ProjectSection(SolutionItems) = preProject
		SyncTool.Configuration.Git\references.proj = SyncTool.Configuration.Git\references.proj
	EndProjectSection
EndProject
Project("{FAE04EC0-301F-11D3-BF4B-00C04F79EFBC}") = "SyncTool.Configuration.Git", "SyncTool.Configuration.Git\main\SyncTool.Configuration.Git.csproj", "{F4BED2B8-095D-4CF0-A93C-DC7F2F5F72A5}"
EndProject
Project("{FAE04EC0-301F-11D3-BF4B-00C04F79EFBC}") = "SyncTool.Configuration.Git.Test", "SyncTool.Configuration.Git\test\SyncTool.Configuration.Git.Test.csproj", "{AAEA631B-BCE1-438B-A293-C74AF8996573}"
EndProject
Project("{2150E333-8FDC-42A3-9474-1A3956D46DE8}") = "SyncTool.FileSystem.Versioning.Git", "SyncTool.FileSystem.Versioning.Git", "{3D435B6F-2CBE-47AD-96CF-CF1BF7DA150A}"
	ProjectSection(SolutionItems) = preProject
		SyncTool.FileSystem.Versioning.Git\references.proj = SyncTool.FileSystem.Versioning.Git\references.proj
	EndProjectSection
EndProject
Project("{FAE04EC0-301F-11D3-BF4B-00C04F79EFBC}") = "SyncTool.FileSystem.Versioning.Git", "SyncTool.FileSystem.Versioning.Git\main\SyncTool.FileSystem.Versioning.Git.csproj", "{680B8656-C346-4FE7-8C79-CCE3B535A476}"
EndProject
Project("{FAE04EC0-301F-11D3-BF4B-00C04F79EFBC}") = "SyncTool.FileSystem.Versioning.Git.Test", "SyncTool.FileSystem.Versioning.Git\test\SyncTool.FileSystem.Versioning.Git.Test.csproj", "{AF4AB9BC-E63C-427F-B69D-B350A3BFABC2}"
EndProject
Project("{2150E333-8FDC-42A3-9474-1A3956D46DE8}") = "SyncTool.Synchronization", "SyncTool.Synchronization", "{3EF28743-761E-4CDC-A3C4-65A5651D92DD}"
EndProject
Project("{FAE04EC0-301F-11D3-BF4B-00C04F79EFBC}") = "SyncTool.Synchronization.Test", "SyncTool.Synchronization\test\SyncTool.Synchronization.Test.csproj", "{AF7F6404-D4A5-4CF7-ADDE-DBB568E197E6}"
EndProject
Project("{FAE04EC0-301F-11D3-BF4B-00C04F79EFBC}") = "SyncTool.Synchronization", "SyncTool.Synchronization\main\SyncTool.Synchronization.csproj", "{AA841AD1-C845-4C68-8AA8-B0572061868C}"
EndProject
Project("{2150E333-8FDC-42A3-9474-1A3956D46DE8}") = "SyncTool.Synchronization.Git", "SyncTool.Synchronization.Git", "{8FDFF60E-7971-4B7D-8F54-F7EA6BFAEDEF}"
EndProject
Project("{FAE04EC0-301F-11D3-BF4B-00C04F79EFBC}") = "SyncTool.Synchronization.Git", "SyncTool.Synchronization.Git\main\SyncTool.Synchronization.Git.csproj", "{5F78914C-0F82-495A-A9BE-5F4734081DB9}"
EndProject
Project("{FAE04EC0-301F-11D3-BF4B-00C04F79EFBC}") = "SyncTool.Synchronization.Git.Test", "SyncTool.Synchronization.Git\test\SyncTool.Synchronization.Git.Test.csproj", "{3AF72CB7-2F0E-410E-8BF0-E1E9B229315B}"
EndProject
Global
	GlobalSection(SolutionConfigurationPlatforms) = preSolution
		Debug|Any CPU = Debug|Any CPU
		Release|Any CPU = Release|Any CPU
	EndGlobalSection
	GlobalSection(ProjectConfigurationPlatforms) = postSolution
		{7BA544F9-AE57-4D3B-8DCD-74BBFAC64AE8}.Debug|Any CPU.ActiveCfg = Debug|Any CPU
		{7BA544F9-AE57-4D3B-8DCD-74BBFAC64AE8}.Debug|Any CPU.Build.0 = Debug|Any CPU
		{7BA544F9-AE57-4D3B-8DCD-74BBFAC64AE8}.Release|Any CPU.ActiveCfg = Release|Any CPU
		{7BA544F9-AE57-4D3B-8DCD-74BBFAC64AE8}.Release|Any CPU.Build.0 = Release|Any CPU
		{1E3E5912-B315-43A8-8415-91217892BEDA}.Debug|Any CPU.ActiveCfg = Debug|Any CPU
		{1E3E5912-B315-43A8-8415-91217892BEDA}.Debug|Any CPU.Build.0 = Debug|Any CPU
		{1E3E5912-B315-43A8-8415-91217892BEDA}.Release|Any CPU.ActiveCfg = Release|Any CPU
		{1E3E5912-B315-43A8-8415-91217892BEDA}.Release|Any CPU.Build.0 = Release|Any CPU
		{142013EC-F091-4235-A5D1-04019E795146}.Debug|Any CPU.ActiveCfg = Debug|Any CPU
		{142013EC-F091-4235-A5D1-04019E795146}.Debug|Any CPU.Build.0 = Debug|Any CPU
		{142013EC-F091-4235-A5D1-04019E795146}.Release|Any CPU.ActiveCfg = Release|Any CPU
		{142013EC-F091-4235-A5D1-04019E795146}.Release|Any CPU.Build.0 = Release|Any CPU
		{FBC69896-8B65-4C09-8B8D-634272B41DDB}.Debug|Any CPU.ActiveCfg = Debug|Any CPU
		{FBC69896-8B65-4C09-8B8D-634272B41DDB}.Debug|Any CPU.Build.0 = Debug|Any CPU
		{FBC69896-8B65-4C09-8B8D-634272B41DDB}.Release|Any CPU.ActiveCfg = Release|Any CPU
		{FBC69896-8B65-4C09-8B8D-634272B41DDB}.Release|Any CPU.Build.0 = Release|Any CPU
		{7F7F158B-EB20-4354-89D9-C415CD8E3B21}.Debug|Any CPU.ActiveCfg = Debug|Any CPU
		{7F7F158B-EB20-4354-89D9-C415CD8E3B21}.Debug|Any CPU.Build.0 = Debug|Any CPU
		{7F7F158B-EB20-4354-89D9-C415CD8E3B21}.Release|Any CPU.ActiveCfg = Release|Any CPU
		{7F7F158B-EB20-4354-89D9-C415CD8E3B21}.Release|Any CPU.Build.0 = Release|Any CPU
		{4B588A94-AA4F-494E-BB35-283F09172745}.Debug|Any CPU.ActiveCfg = Debug|Any CPU
		{4B588A94-AA4F-494E-BB35-283F09172745}.Debug|Any CPU.Build.0 = Debug|Any CPU
		{4B588A94-AA4F-494E-BB35-283F09172745}.Release|Any CPU.ActiveCfg = Release|Any CPU
		{4B588A94-AA4F-494E-BB35-283F09172745}.Release|Any CPU.Build.0 = Release|Any CPU
		{8495C561-6553-45F8-BA04-72486273AE47}.Debug|Any CPU.ActiveCfg = Debug|Any CPU
		{8495C561-6553-45F8-BA04-72486273AE47}.Debug|Any CPU.Build.0 = Debug|Any CPU
		{8495C561-6553-45F8-BA04-72486273AE47}.Release|Any CPU.ActiveCfg = Release|Any CPU
		{8495C561-6553-45F8-BA04-72486273AE47}.Release|Any CPU.Build.0 = Release|Any CPU
		{DA54C484-4021-4628-BBF0-DFCA543A585A}.Debug|Any CPU.ActiveCfg = Debug|Any CPU
		{DA54C484-4021-4628-BBF0-DFCA543A585A}.Debug|Any CPU.Build.0 = Debug|Any CPU
		{DA54C484-4021-4628-BBF0-DFCA543A585A}.Release|Any CPU.ActiveCfg = Release|Any CPU
		{DA54C484-4021-4628-BBF0-DFCA543A585A}.Release|Any CPU.Build.0 = Release|Any CPU
		{70919335-5F89-4324-BCDB-8B41C7A2CA7E}.Debug|Any CPU.ActiveCfg = Debug|Any CPU
		{70919335-5F89-4324-BCDB-8B41C7A2CA7E}.Debug|Any CPU.Build.0 = Debug|Any CPU
		{70919335-5F89-4324-BCDB-8B41C7A2CA7E}.Release|Any CPU.ActiveCfg = Release|Any CPU
		{70919335-5F89-4324-BCDB-8B41C7A2CA7E}.Release|Any CPU.Build.0 = Release|Any CPU
		{C30BAFAC-DD15-4FC6-9B8B-334F9682290D}.Debug|Any CPU.ActiveCfg = Debug|Any CPU
		{C30BAFAC-DD15-4FC6-9B8B-334F9682290D}.Debug|Any CPU.Build.0 = Debug|Any CPU
		{C30BAFAC-DD15-4FC6-9B8B-334F9682290D}.Release|Any CPU.ActiveCfg = Release|Any CPU
		{C30BAFAC-DD15-4FC6-9B8B-334F9682290D}.Release|Any CPU.Build.0 = Release|Any CPU
		{4C4DFBC8-1DD7-4EA3-9EF5-C06693560784}.Debug|Any CPU.ActiveCfg = Debug|Any CPU
		{4C4DFBC8-1DD7-4EA3-9EF5-C06693560784}.Debug|Any CPU.Build.0 = Debug|Any CPU
		{4C4DFBC8-1DD7-4EA3-9EF5-C06693560784}.Release|Any CPU.ActiveCfg = Release|Any CPU
		{4C4DFBC8-1DD7-4EA3-9EF5-C06693560784}.Release|Any CPU.Build.0 = Release|Any CPU
		{3F0F54E2-C072-44C1-B723-1D7CD1996B1F}.Debug|Any CPU.ActiveCfg = Debug|Any CPU
		{3F0F54E2-C072-44C1-B723-1D7CD1996B1F}.Debug|Any CPU.Build.0 = Debug|Any CPU
		{3F0F54E2-C072-44C1-B723-1D7CD1996B1F}.Release|Any CPU.ActiveCfg = Debug|Any CPU
		{3F0F54E2-C072-44C1-B723-1D7CD1996B1F}.Release|Any CPU.Build.0 = Debug|Any CPU
		{F4BED2B8-095D-4CF0-A93C-DC7F2F5F72A5}.Debug|Any CPU.ActiveCfg = Debug|Any CPU
		{F4BED2B8-095D-4CF0-A93C-DC7F2F5F72A5}.Debug|Any CPU.Build.0 = Debug|Any CPU
		{F4BED2B8-095D-4CF0-A93C-DC7F2F5F72A5}.Release|Any CPU.ActiveCfg = Release|Any CPU
		{F4BED2B8-095D-4CF0-A93C-DC7F2F5F72A5}.Release|Any CPU.Build.0 = Release|Any CPU
		{AAEA631B-BCE1-438B-A293-C74AF8996573}.Debug|Any CPU.ActiveCfg = Debug|Any CPU
		{AAEA631B-BCE1-438B-A293-C74AF8996573}.Debug|Any CPU.Build.0 = Debug|Any CPU
		{AAEA631B-BCE1-438B-A293-C74AF8996573}.Release|Any CPU.ActiveCfg = Release|Any CPU
		{AAEA631B-BCE1-438B-A293-C74AF8996573}.Release|Any CPU.Build.0 = Release|Any CPU
		{680B8656-C346-4FE7-8C79-CCE3B535A476}.Debug|Any CPU.ActiveCfg = Debug|Any CPU
		{680B8656-C346-4FE7-8C79-CCE3B535A476}.Debug|Any CPU.Build.0 = Debug|Any CPU
		{680B8656-C346-4FE7-8C79-CCE3B535A476}.Release|Any CPU.ActiveCfg = Release|Any CPU
		{680B8656-C346-4FE7-8C79-CCE3B535A476}.Release|Any CPU.Build.0 = Release|Any CPU
		{AF4AB9BC-E63C-427F-B69D-B350A3BFABC2}.Debug|Any CPU.ActiveCfg = Debug|Any CPU
		{AF4AB9BC-E63C-427F-B69D-B350A3BFABC2}.Debug|Any CPU.Build.0 = Debug|Any CPU
		{AF4AB9BC-E63C-427F-B69D-B350A3BFABC2}.Release|Any CPU.ActiveCfg = Release|Any CPU
		{AF4AB9BC-E63C-427F-B69D-B350A3BFABC2}.Release|Any CPU.Build.0 = Release|Any CPU
		{AF7F6404-D4A5-4CF7-ADDE-DBB568E197E6}.Debug|Any CPU.ActiveCfg = Debug|Any CPU
		{AF7F6404-D4A5-4CF7-ADDE-DBB568E197E6}.Debug|Any CPU.Build.0 = Debug|Any CPU
		{AF7F6404-D4A5-4CF7-ADDE-DBB568E197E6}.Release|Any CPU.ActiveCfg = Release|Any CPU
		{AF7F6404-D4A5-4CF7-ADDE-DBB568E197E6}.Release|Any CPU.Build.0 = Release|Any CPU
		{AA841AD1-C845-4C68-8AA8-B0572061868C}.Debug|Any CPU.ActiveCfg = Debug|Any CPU
		{AA841AD1-C845-4C68-8AA8-B0572061868C}.Debug|Any CPU.Build.0 = Debug|Any CPU
		{AA841AD1-C845-4C68-8AA8-B0572061868C}.Release|Any CPU.ActiveCfg = Release|Any CPU
		{AA841AD1-C845-4C68-8AA8-B0572061868C}.Release|Any CPU.Build.0 = Release|Any CPU
		{5F78914C-0F82-495A-A9BE-5F4734081DB9}.Debug|Any CPU.ActiveCfg = Debug|Any CPU
		{5F78914C-0F82-495A-A9BE-5F4734081DB9}.Debug|Any CPU.Build.0 = Debug|Any CPU
		{5F78914C-0F82-495A-A9BE-5F4734081DB9}.Release|Any CPU.ActiveCfg = Release|Any CPU
		{5F78914C-0F82-495A-A9BE-5F4734081DB9}.Release|Any CPU.Build.0 = Release|Any CPU
		{3AF72CB7-2F0E-410E-8BF0-E1E9B229315B}.Debug|Any CPU.ActiveCfg = Debug|Any CPU
		{3AF72CB7-2F0E-410E-8BF0-E1E9B229315B}.Debug|Any CPU.Build.0 = Debug|Any CPU
		{3AF72CB7-2F0E-410E-8BF0-E1E9B229315B}.Release|Any CPU.ActiveCfg = Release|Any CPU
		{3AF72CB7-2F0E-410E-8BF0-E1E9B229315B}.Release|Any CPU.Build.0 = Release|Any CPU
	EndGlobalSection
	GlobalSection(SolutionProperties) = preSolution
		HideSolutionNode = FALSE
	EndGlobalSection
	GlobalSection(NestedProjects) = preSolution
		{7BA544F9-AE57-4D3B-8DCD-74BBFAC64AE8} = {56043B5F-C763-488B-9699-D5250B2DDB1E}
		{1E3E5912-B315-43A8-8415-91217892BEDA} = {88AE0552-700A-4A37-A768-BABA4C4253B8}
		{142013EC-F091-4235-A5D1-04019E795146} = {50224086-614B-41D4-8775-9F9A9B9764A0}
		{FBC69896-8B65-4C09-8B8D-634272B41DDB} = {56043B5F-C763-488B-9699-D5250B2DDB1E}
		{7F7F158B-EB20-4354-89D9-C415CD8E3B21} = {88AE0552-700A-4A37-A768-BABA4C4253B8}
		{4B588A94-AA4F-494E-BB35-283F09172745} = {50224086-614B-41D4-8775-9F9A9B9764A0}
		{8495C561-6553-45F8-BA04-72486273AE47} = {72F683F1-2F75-4541-AA3D-F07A86441025}
		{DA54C484-4021-4628-BBF0-DFCA543A585A} = {72F683F1-2F75-4541-AA3D-F07A86441025}
		{70919335-5F89-4324-BCDB-8B41C7A2CA7E} = {EB11C69D-FB63-4E45-9AF4-743DDED3415F}
		{C30BAFAC-DD15-4FC6-9B8B-334F9682290D} = {EB11C69D-FB63-4E45-9AF4-743DDED3415F}
		{4C4DFBC8-1DD7-4EA3-9EF5-C06693560784} = {186937B9-6BE7-4A84-B62D-EEC0E48DF76F}
		{3F0F54E2-C072-44C1-B723-1D7CD1996B1F} = {186937B9-6BE7-4A84-B62D-EEC0E48DF76F}
		{F4BED2B8-095D-4CF0-A93C-DC7F2F5F72A5} = {B1616FE7-DD34-4099-B5FB-30B6DC42E709}
		{AAEA631B-BCE1-438B-A293-C74AF8996573} = {B1616FE7-DD34-4099-B5FB-30B6DC42E709}
		{680B8656-C346-4FE7-8C79-CCE3B535A476} = {3D435B6F-2CBE-47AD-96CF-CF1BF7DA150A}
		{AF4AB9BC-E63C-427F-B69D-B350A3BFABC2} = {3D435B6F-2CBE-47AD-96CF-CF1BF7DA150A}
		{AF7F6404-D4A5-4CF7-ADDE-DBB568E197E6} = {3EF28743-761E-4CDC-A3C4-65A5651D92DD}
		{AA841AD1-C845-4C68-8AA8-B0572061868C} = {3EF28743-761E-4CDC-A3C4-65A5651D92DD}
		{5F78914C-0F82-495A-A9BE-5F4734081DB9} = {8FDFF60E-7971-4B7D-8F54-F7EA6BFAEDEF}
		{3AF72CB7-2F0E-410E-8BF0-E1E9B229315B} = {8FDFF60E-7971-4B7D-8F54-F7EA6BFAEDEF}
	EndGlobalSection
EndGlobal
