Microsoft Visual Studio Solution File, Format Version 12.00
# Visual Studio 15
VisualStudioVersion = 15.0.26403.7
MinimumVisualStudioVersion = 15.0.26124.0
Project("{2150E333-8FDC-42A3-9474-1A3956D46DE8}") = "SyncTool.Common", "SyncTool.Common", "{291D93BB-2DCB-47D3-9367-0D69749D41F7}"
EndProject
Project("{9A19103F-16F7-4668-BE54-9A1E7A4F7556}") = "SyncTool.Common", "SyncTool.Common\main\SyncTool.Common.csproj", "{A1D868F8-9F67-452C-8F7F-6AD1CCECFFD7}"
EndProject
Project("{9A19103F-16F7-4668-BE54-9A1E7A4F7556}") = "SyncTool.Common.Test", "SyncTool.Common\test\SyncTool.Common.Test.csproj", "{839BF5D1-14B3-4410-A01A-92FB107B805F}"
EndProject
Project("{2150E333-8FDC-42A3-9474-1A3956D46DE8}") = "SyncTool.Configuration", "SyncTool.Configuration", "{AF962515-21D2-459B-8B0C-D5E21994461D}"
EndProject
Project("{9A19103F-16F7-4668-BE54-9A1E7A4F7556}") = "SyncTool.Configuration", "SyncTool.Configuration\main\SyncTool.Configuration.csproj", "{D14635E5-CBD5-4695-B955-A2113570A459}"
EndProject
Project("{9A19103F-16F7-4668-BE54-9A1E7A4F7556}") = "SyncTool.Configuration.Test", "SyncTool.Configuration\test\SyncTool.Configuration.Test.csproj", "{E684F622-0ED2-40DD-A3B8-B186FEA94A4D}"
EndProject
Project("{2150E333-8FDC-42A3-9474-1A3956D46DE8}") = "SyncTool", "SyncTool", "{7EC02D4C-3E69-4D73-835D-45D36DABAE31}"
EndProject
Project("{9A19103F-16F7-4668-BE54-9A1E7A4F7556}") = "SyncTool", "SyncTool\main\SyncTool.csproj", "{A358B01D-6F0E-4244-AD72-98F3EF80AAC2}"
EndProject
Project("{9A19103F-16F7-4668-BE54-9A1E7A4F7556}") = "SyncTool.Test", "SyncTool\test\SyncTool.Test.csproj", "{393B4F96-C130-45F5-A31A-EAC8111CDE72}"
EndProject
Project("{2150E333-8FDC-42A3-9474-1A3956D46DE8}") = "SyncTool.FileSystem", "SyncTool.FileSystem", "{0F3F3513-DD3C-41F5-91D3-55593DDDF29E}"
EndProject
Project("{9A19103F-16F7-4668-BE54-9A1E7A4F7556}") = "SyncTool.FileSystem", "SyncTool.FileSystem\main\SyncTool.FileSystem.csproj", "{6A0786DF-F45A-4A6D-B77D-0CF41891DDB2}"
EndProject
Project("{2150E333-8FDC-42A3-9474-1A3956D46DE8}") = "SyncTool.FileSystem.Versioning", "SyncTool.FileSystem.Versioning", "{DA1668AA-35E1-489B-AB2C-572455001EB6}"
EndProject
Project("{9A19103F-16F7-4668-BE54-9A1E7A4F7556}") = "SyncTool.FileSystem.Test", "SyncTool.FileSystem\test\SyncTool.FileSystem.Test.csproj", "{379A9F62-A512-4BD6-9511-35E13583EBCA}"
EndProject
Project("{9A19103F-16F7-4668-BE54-9A1E7A4F7556}") = "SyncTool.FileSystem.Versioning", "SyncTool.FileSystem.Versioning\main\SyncTool.FileSystem.Versioning.csproj", "{BAEEAEC2-5F73-4A8D-98AB-BC6EDC0EE875}"
EndProject
Project("{9A19103F-16F7-4668-BE54-9A1E7A4F7556}") = "SyncTool.FileSystem.Versioning.Test", "SyncTool.FileSystem.Versioning\test\SyncTool.FileSystem.Versioning.Test.csproj", "{D42AA71C-0CF1-4CFB-A783-A0F7972D2A52}"
EndProject
Project("{2150E333-8FDC-42A3-9474-1A3956D46DE8}") = "SyncTool.Git", "SyncTool.Git", "{1220A391-43DA-4E0F-A6E8-DCA94668AD28}"
EndProject
Project("{9A19103F-16F7-4668-BE54-9A1E7A4F7556}") = "SyncTool.Git", "SyncTool.Git\main\SyncTool.Git.csproj", "{50604571-9C6E-4A30-97D5-95CFF0F9429D}"
EndProject
Project("{9A19103F-16F7-4668-BE54-9A1E7A4F7556}") = "SyncTool.Git.Test", "SyncTool.Git\test\SyncTool.Git.Test.csproj", "{D6D2628C-13C0-4CA0-9578-875578C83786}"
EndProject
Project("{2150E333-8FDC-42A3-9474-1A3956D46DE8}") = "SyncTool.Synchronization", "SyncTool.Synchronization", "{FE584456-BF71-404C-84E2-81A682194D64}"
EndProject
Project("{9A19103F-16F7-4668-BE54-9A1E7A4F7556}") = "SyncTool.Synchronization", "SyncTool.Synchronization\main\SyncTool.Synchronization.csproj", "{A9D47A30-087A-4F06-A0B5-622B7E77D633}"
EndProject
Project("{9A19103F-16F7-4668-BE54-9A1E7A4F7556}") = "SyncTool.Synchronization.Test", "SyncTool.Synchronization\test\SyncTool.Synchronization.Test.csproj", "{A13459B4-6279-46C4-B11B-4CA8774B26B5}"
EndProject
Project("{9A19103F-16F7-4668-BE54-9A1E7A4F7556}") = "SyncTool.WebUI", "SyncTool.WebUI\main\SyncTool.WebUI.csproj", "{B70BAD41-CBED-4724-8C00-806038A50C2B}"
EndProject
Project("{9A19103F-16F7-4668-BE54-9A1E7A4F7556}") = "SyncTool.WebUI.Test", "SyncTool.WebUI\test\SyncTool.WebUI.Test.csproj", "{374276AC-618C-44DC-88FB-46BEC08BE8E0}"
EndProject
Project("{2150E333-8FDC-42A3-9474-1A3956D46DE8}") = "SyncTool.WebUI", "SyncTool.WebUI", "{E3862DC8-B9B4-45F3-8BA9-176DABCB1F83}"
EndProject
Global
	GlobalSection(SolutionConfigurationPlatforms) = preSolution
		Debug|Any CPU = Debug|Any CPU
		Debug|x64 = Debug|x64
		Debug|x86 = Debug|x86
		Release|Any CPU = Release|Any CPU
		Release|x64 = Release|x64
		Release|x86 = Release|x86
	EndGlobalSection
	GlobalSection(ProjectConfigurationPlatforms) = postSolution
		{A1D868F8-9F67-452C-8F7F-6AD1CCECFFD7}.Debug|Any CPU.ActiveCfg = Debug|Any CPU
		{A1D868F8-9F67-452C-8F7F-6AD1CCECFFD7}.Debug|Any CPU.Build.0 = Debug|Any CPU
		{A1D868F8-9F67-452C-8F7F-6AD1CCECFFD7}.Debug|x64.ActiveCfg = Debug|Any CPU
		{A1D868F8-9F67-452C-8F7F-6AD1CCECFFD7}.Debug|x64.Build.0 = Debug|Any CPU
		{A1D868F8-9F67-452C-8F7F-6AD1CCECFFD7}.Debug|x86.ActiveCfg = Debug|Any CPU
		{A1D868F8-9F67-452C-8F7F-6AD1CCECFFD7}.Debug|x86.Build.0 = Debug|Any CPU
		{A1D868F8-9F67-452C-8F7F-6AD1CCECFFD7}.Release|Any CPU.ActiveCfg = Release|Any CPU
		{A1D868F8-9F67-452C-8F7F-6AD1CCECFFD7}.Release|Any CPU.Build.0 = Release|Any CPU
		{A1D868F8-9F67-452C-8F7F-6AD1CCECFFD7}.Release|x64.ActiveCfg = Release|Any CPU
		{A1D868F8-9F67-452C-8F7F-6AD1CCECFFD7}.Release|x64.Build.0 = Release|Any CPU
		{A1D868F8-9F67-452C-8F7F-6AD1CCECFFD7}.Release|x86.ActiveCfg = Release|Any CPU
		{A1D868F8-9F67-452C-8F7F-6AD1CCECFFD7}.Release|x86.Build.0 = Release|Any CPU
		{839BF5D1-14B3-4410-A01A-92FB107B805F}.Debug|Any CPU.ActiveCfg = Debug|Any CPU
		{839BF5D1-14B3-4410-A01A-92FB107B805F}.Debug|Any CPU.Build.0 = Debug|Any CPU
		{839BF5D1-14B3-4410-A01A-92FB107B805F}.Debug|x64.ActiveCfg = Debug|Any CPU
		{839BF5D1-14B3-4410-A01A-92FB107B805F}.Debug|x64.Build.0 = Debug|Any CPU
		{839BF5D1-14B3-4410-A01A-92FB107B805F}.Debug|x86.ActiveCfg = Debug|Any CPU
		{839BF5D1-14B3-4410-A01A-92FB107B805F}.Debug|x86.Build.0 = Debug|Any CPU
		{839BF5D1-14B3-4410-A01A-92FB107B805F}.Release|Any CPU.ActiveCfg = Release|Any CPU
		{839BF5D1-14B3-4410-A01A-92FB107B805F}.Release|Any CPU.Build.0 = Release|Any CPU
		{839BF5D1-14B3-4410-A01A-92FB107B805F}.Release|x64.ActiveCfg = Release|Any CPU
		{839BF5D1-14B3-4410-A01A-92FB107B805F}.Release|x64.Build.0 = Release|Any CPU
		{839BF5D1-14B3-4410-A01A-92FB107B805F}.Release|x86.ActiveCfg = Release|Any CPU
		{839BF5D1-14B3-4410-A01A-92FB107B805F}.Release|x86.Build.0 = Release|Any CPU
		{D14635E5-CBD5-4695-B955-A2113570A459}.Debug|Any CPU.ActiveCfg = Debug|Any CPU
		{D14635E5-CBD5-4695-B955-A2113570A459}.Debug|Any CPU.Build.0 = Debug|Any CPU
		{D14635E5-CBD5-4695-B955-A2113570A459}.Debug|x64.ActiveCfg = Debug|Any CPU
		{D14635E5-CBD5-4695-B955-A2113570A459}.Debug|x64.Build.0 = Debug|Any CPU
		{D14635E5-CBD5-4695-B955-A2113570A459}.Debug|x86.ActiveCfg = Debug|Any CPU
		{D14635E5-CBD5-4695-B955-A2113570A459}.Debug|x86.Build.0 = Debug|Any CPU
		{D14635E5-CBD5-4695-B955-A2113570A459}.Release|Any CPU.ActiveCfg = Release|Any CPU
		{D14635E5-CBD5-4695-B955-A2113570A459}.Release|Any CPU.Build.0 = Release|Any CPU
		{D14635E5-CBD5-4695-B955-A2113570A459}.Release|x64.ActiveCfg = Release|Any CPU
		{D14635E5-CBD5-4695-B955-A2113570A459}.Release|x64.Build.0 = Release|Any CPU
		{D14635E5-CBD5-4695-B955-A2113570A459}.Release|x86.ActiveCfg = Release|Any CPU
		{D14635E5-CBD5-4695-B955-A2113570A459}.Release|x86.Build.0 = Release|Any CPU
		{E684F622-0ED2-40DD-A3B8-B186FEA94A4D}.Debug|Any CPU.ActiveCfg = Debug|Any CPU
		{E684F622-0ED2-40DD-A3B8-B186FEA94A4D}.Debug|Any CPU.Build.0 = Debug|Any CPU
		{E684F622-0ED2-40DD-A3B8-B186FEA94A4D}.Debug|x64.ActiveCfg = Debug|Any CPU
		{E684F622-0ED2-40DD-A3B8-B186FEA94A4D}.Debug|x64.Build.0 = Debug|Any CPU
		{E684F622-0ED2-40DD-A3B8-B186FEA94A4D}.Debug|x86.ActiveCfg = Debug|Any CPU
		{E684F622-0ED2-40DD-A3B8-B186FEA94A4D}.Debug|x86.Build.0 = Debug|Any CPU
		{E684F622-0ED2-40DD-A3B8-B186FEA94A4D}.Release|Any CPU.ActiveCfg = Release|Any CPU
		{E684F622-0ED2-40DD-A3B8-B186FEA94A4D}.Release|Any CPU.Build.0 = Release|Any CPU
		{E684F622-0ED2-40DD-A3B8-B186FEA94A4D}.Release|x64.ActiveCfg = Release|Any CPU
		{E684F622-0ED2-40DD-A3B8-B186FEA94A4D}.Release|x64.Build.0 = Release|Any CPU
		{E684F622-0ED2-40DD-A3B8-B186FEA94A4D}.Release|x86.ActiveCfg = Release|Any CPU
		{E684F622-0ED2-40DD-A3B8-B186FEA94A4D}.Release|x86.Build.0 = Release|Any CPU
		{A358B01D-6F0E-4244-AD72-98F3EF80AAC2}.Debug|Any CPU.ActiveCfg = Debug|Any CPU
		{A358B01D-6F0E-4244-AD72-98F3EF80AAC2}.Debug|Any CPU.Build.0 = Debug|Any CPU
		{A358B01D-6F0E-4244-AD72-98F3EF80AAC2}.Debug|x64.ActiveCfg = Debug|Any CPU
		{A358B01D-6F0E-4244-AD72-98F3EF80AAC2}.Debug|x64.Build.0 = Debug|Any CPU
		{A358B01D-6F0E-4244-AD72-98F3EF80AAC2}.Debug|x86.ActiveCfg = Debug|Any CPU
		{A358B01D-6F0E-4244-AD72-98F3EF80AAC2}.Debug|x86.Build.0 = Debug|Any CPU
		{A358B01D-6F0E-4244-AD72-98F3EF80AAC2}.Release|Any CPU.ActiveCfg = Release|Any CPU
		{A358B01D-6F0E-4244-AD72-98F3EF80AAC2}.Release|Any CPU.Build.0 = Release|Any CPU
		{A358B01D-6F0E-4244-AD72-98F3EF80AAC2}.Release|x64.ActiveCfg = Release|Any CPU
		{A358B01D-6F0E-4244-AD72-98F3EF80AAC2}.Release|x64.Build.0 = Release|Any CPU
		{A358B01D-6F0E-4244-AD72-98F3EF80AAC2}.Release|x86.ActiveCfg = Release|Any CPU
		{A358B01D-6F0E-4244-AD72-98F3EF80AAC2}.Release|x86.Build.0 = Release|Any CPU
		{393B4F96-C130-45F5-A31A-EAC8111CDE72}.Debug|Any CPU.ActiveCfg = Debug|Any CPU
		{393B4F96-C130-45F5-A31A-EAC8111CDE72}.Debug|Any CPU.Build.0 = Debug|Any CPU
		{393B4F96-C130-45F5-A31A-EAC8111CDE72}.Debug|x64.ActiveCfg = Debug|Any CPU
		{393B4F96-C130-45F5-A31A-EAC8111CDE72}.Debug|x64.Build.0 = Debug|Any CPU
		{393B4F96-C130-45F5-A31A-EAC8111CDE72}.Debug|x86.ActiveCfg = Debug|Any CPU
		{393B4F96-C130-45F5-A31A-EAC8111CDE72}.Debug|x86.Build.0 = Debug|Any CPU
		{393B4F96-C130-45F5-A31A-EAC8111CDE72}.Release|Any CPU.ActiveCfg = Release|Any CPU
		{393B4F96-C130-45F5-A31A-EAC8111CDE72}.Release|Any CPU.Build.0 = Release|Any CPU
		{393B4F96-C130-45F5-A31A-EAC8111CDE72}.Release|x64.ActiveCfg = Release|Any CPU
		{393B4F96-C130-45F5-A31A-EAC8111CDE72}.Release|x64.Build.0 = Release|Any CPU
		{393B4F96-C130-45F5-A31A-EAC8111CDE72}.Release|x86.ActiveCfg = Release|Any CPU
		{393B4F96-C130-45F5-A31A-EAC8111CDE72}.Release|x86.Build.0 = Release|Any CPU
		{6A0786DF-F45A-4A6D-B77D-0CF41891DDB2}.Debug|Any CPU.ActiveCfg = Debug|Any CPU
		{6A0786DF-F45A-4A6D-B77D-0CF41891DDB2}.Debug|Any CPU.Build.0 = Debug|Any CPU
		{6A0786DF-F45A-4A6D-B77D-0CF41891DDB2}.Debug|x64.ActiveCfg = Debug|Any CPU
		{6A0786DF-F45A-4A6D-B77D-0CF41891DDB2}.Debug|x64.Build.0 = Debug|Any CPU
		{6A0786DF-F45A-4A6D-B77D-0CF41891DDB2}.Debug|x86.ActiveCfg = Debug|Any CPU
		{6A0786DF-F45A-4A6D-B77D-0CF41891DDB2}.Debug|x86.Build.0 = Debug|Any CPU
		{6A0786DF-F45A-4A6D-B77D-0CF41891DDB2}.Release|Any CPU.ActiveCfg = Release|Any CPU
		{6A0786DF-F45A-4A6D-B77D-0CF41891DDB2}.Release|Any CPU.Build.0 = Release|Any CPU
		{6A0786DF-F45A-4A6D-B77D-0CF41891DDB2}.Release|x64.ActiveCfg = Release|Any CPU
		{6A0786DF-F45A-4A6D-B77D-0CF41891DDB2}.Release|x64.Build.0 = Release|Any CPU
		{6A0786DF-F45A-4A6D-B77D-0CF41891DDB2}.Release|x86.ActiveCfg = Release|Any CPU
		{6A0786DF-F45A-4A6D-B77D-0CF41891DDB2}.Release|x86.Build.0 = Release|Any CPU
		{379A9F62-A512-4BD6-9511-35E13583EBCA}.Debug|Any CPU.ActiveCfg = Debug|Any CPU
		{379A9F62-A512-4BD6-9511-35E13583EBCA}.Debug|Any CPU.Build.0 = Debug|Any CPU
		{379A9F62-A512-4BD6-9511-35E13583EBCA}.Debug|x64.ActiveCfg = Debug|Any CPU
		{379A9F62-A512-4BD6-9511-35E13583EBCA}.Debug|x64.Build.0 = Debug|Any CPU
		{379A9F62-A512-4BD6-9511-35E13583EBCA}.Debug|x86.ActiveCfg = Debug|Any CPU
		{379A9F62-A512-4BD6-9511-35E13583EBCA}.Debug|x86.Build.0 = Debug|Any CPU
		{379A9F62-A512-4BD6-9511-35E13583EBCA}.Release|Any CPU.ActiveCfg = Release|Any CPU
		{379A9F62-A512-4BD6-9511-35E13583EBCA}.Release|Any CPU.Build.0 = Release|Any CPU
		{379A9F62-A512-4BD6-9511-35E13583EBCA}.Release|x64.ActiveCfg = Release|Any CPU
		{379A9F62-A512-4BD6-9511-35E13583EBCA}.Release|x64.Build.0 = Release|Any CPU
		{379A9F62-A512-4BD6-9511-35E13583EBCA}.Release|x86.ActiveCfg = Release|Any CPU
		{379A9F62-A512-4BD6-9511-35E13583EBCA}.Release|x86.Build.0 = Release|Any CPU
		{BAEEAEC2-5F73-4A8D-98AB-BC6EDC0EE875}.Debug|Any CPU.ActiveCfg = Debug|Any CPU
		{BAEEAEC2-5F73-4A8D-98AB-BC6EDC0EE875}.Debug|Any CPU.Build.0 = Debug|Any CPU
		{BAEEAEC2-5F73-4A8D-98AB-BC6EDC0EE875}.Debug|x64.ActiveCfg = Debug|Any CPU
		{BAEEAEC2-5F73-4A8D-98AB-BC6EDC0EE875}.Debug|x64.Build.0 = Debug|Any CPU
		{BAEEAEC2-5F73-4A8D-98AB-BC6EDC0EE875}.Debug|x86.ActiveCfg = Debug|Any CPU
		{BAEEAEC2-5F73-4A8D-98AB-BC6EDC0EE875}.Debug|x86.Build.0 = Debug|Any CPU
		{BAEEAEC2-5F73-4A8D-98AB-BC6EDC0EE875}.Release|Any CPU.ActiveCfg = Release|Any CPU
		{BAEEAEC2-5F73-4A8D-98AB-BC6EDC0EE875}.Release|Any CPU.Build.0 = Release|Any CPU
		{BAEEAEC2-5F73-4A8D-98AB-BC6EDC0EE875}.Release|x64.ActiveCfg = Release|Any CPU
		{BAEEAEC2-5F73-4A8D-98AB-BC6EDC0EE875}.Release|x64.Build.0 = Release|Any CPU
		{BAEEAEC2-5F73-4A8D-98AB-BC6EDC0EE875}.Release|x86.ActiveCfg = Release|Any CPU
		{BAEEAEC2-5F73-4A8D-98AB-BC6EDC0EE875}.Release|x86.Build.0 = Release|Any CPU
		{D42AA71C-0CF1-4CFB-A783-A0F7972D2A52}.Debug|Any CPU.ActiveCfg = Debug|Any CPU
		{D42AA71C-0CF1-4CFB-A783-A0F7972D2A52}.Debug|Any CPU.Build.0 = Debug|Any CPU
		{D42AA71C-0CF1-4CFB-A783-A0F7972D2A52}.Debug|x64.ActiveCfg = Debug|Any CPU
		{D42AA71C-0CF1-4CFB-A783-A0F7972D2A52}.Debug|x64.Build.0 = Debug|Any CPU
		{D42AA71C-0CF1-4CFB-A783-A0F7972D2A52}.Debug|x86.ActiveCfg = Debug|Any CPU
		{D42AA71C-0CF1-4CFB-A783-A0F7972D2A52}.Debug|x86.Build.0 = Debug|Any CPU
		{D42AA71C-0CF1-4CFB-A783-A0F7972D2A52}.Release|Any CPU.ActiveCfg = Release|Any CPU
		{D42AA71C-0CF1-4CFB-A783-A0F7972D2A52}.Release|Any CPU.Build.0 = Release|Any CPU
		{D42AA71C-0CF1-4CFB-A783-A0F7972D2A52}.Release|x64.ActiveCfg = Release|Any CPU
		{D42AA71C-0CF1-4CFB-A783-A0F7972D2A52}.Release|x64.Build.0 = Release|Any CPU
		{D42AA71C-0CF1-4CFB-A783-A0F7972D2A52}.Release|x86.ActiveCfg = Release|Any CPU
		{D42AA71C-0CF1-4CFB-A783-A0F7972D2A52}.Release|x86.Build.0 = Release|Any CPU
		{50604571-9C6E-4A30-97D5-95CFF0F9429D}.Debug|Any CPU.ActiveCfg = Debug|Any CPU
		{50604571-9C6E-4A30-97D5-95CFF0F9429D}.Debug|Any CPU.Build.0 = Debug|Any CPU
		{50604571-9C6E-4A30-97D5-95CFF0F9429D}.Debug|x64.ActiveCfg = Debug|Any CPU
		{50604571-9C6E-4A30-97D5-95CFF0F9429D}.Debug|x64.Build.0 = Debug|Any CPU
		{50604571-9C6E-4A30-97D5-95CFF0F9429D}.Debug|x86.ActiveCfg = Debug|Any CPU
		{50604571-9C6E-4A30-97D5-95CFF0F9429D}.Debug|x86.Build.0 = Debug|Any CPU
		{50604571-9C6E-4A30-97D5-95CFF0F9429D}.Release|Any CPU.ActiveCfg = Release|Any CPU
		{50604571-9C6E-4A30-97D5-95CFF0F9429D}.Release|Any CPU.Build.0 = Release|Any CPU
		{50604571-9C6E-4A30-97D5-95CFF0F9429D}.Release|x64.ActiveCfg = Release|Any CPU
		{50604571-9C6E-4A30-97D5-95CFF0F9429D}.Release|x64.Build.0 = Release|Any CPU
		{50604571-9C6E-4A30-97D5-95CFF0F9429D}.Release|x86.ActiveCfg = Release|Any CPU
		{50604571-9C6E-4A30-97D5-95CFF0F9429D}.Release|x86.Build.0 = Release|Any CPU
		{D6D2628C-13C0-4CA0-9578-875578C83786}.Debug|Any CPU.ActiveCfg = Debug|Any CPU
		{D6D2628C-13C0-4CA0-9578-875578C83786}.Debug|Any CPU.Build.0 = Debug|Any CPU
		{D6D2628C-13C0-4CA0-9578-875578C83786}.Debug|x64.ActiveCfg = Debug|Any CPU
		{D6D2628C-13C0-4CA0-9578-875578C83786}.Debug|x64.Build.0 = Debug|Any CPU
		{D6D2628C-13C0-4CA0-9578-875578C83786}.Debug|x86.ActiveCfg = Debug|Any CPU
		{D6D2628C-13C0-4CA0-9578-875578C83786}.Debug|x86.Build.0 = Debug|Any CPU
		{D6D2628C-13C0-4CA0-9578-875578C83786}.Release|Any CPU.ActiveCfg = Release|Any CPU
		{D6D2628C-13C0-4CA0-9578-875578C83786}.Release|Any CPU.Build.0 = Release|Any CPU
		{D6D2628C-13C0-4CA0-9578-875578C83786}.Release|x64.ActiveCfg = Release|Any CPU
		{D6D2628C-13C0-4CA0-9578-875578C83786}.Release|x64.Build.0 = Release|Any CPU
		{D6D2628C-13C0-4CA0-9578-875578C83786}.Release|x86.ActiveCfg = Release|Any CPU
		{D6D2628C-13C0-4CA0-9578-875578C83786}.Release|x86.Build.0 = Release|Any CPU
		{A9D47A30-087A-4F06-A0B5-622B7E77D633}.Debug|Any CPU.ActiveCfg = Debug|Any CPU
		{A9D47A30-087A-4F06-A0B5-622B7E77D633}.Debug|Any CPU.Build.0 = Debug|Any CPU
		{A9D47A30-087A-4F06-A0B5-622B7E77D633}.Debug|x64.ActiveCfg = Debug|Any CPU
		{A9D47A30-087A-4F06-A0B5-622B7E77D633}.Debug|x64.Build.0 = Debug|Any CPU
		{A9D47A30-087A-4F06-A0B5-622B7E77D633}.Debug|x86.ActiveCfg = Debug|Any CPU
		{A9D47A30-087A-4F06-A0B5-622B7E77D633}.Debug|x86.Build.0 = Debug|Any CPU
		{A9D47A30-087A-4F06-A0B5-622B7E77D633}.Release|Any CPU.ActiveCfg = Release|Any CPU
		{A9D47A30-087A-4F06-A0B5-622B7E77D633}.Release|Any CPU.Build.0 = Release|Any CPU
		{A9D47A30-087A-4F06-A0B5-622B7E77D633}.Release|x64.ActiveCfg = Release|Any CPU
		{A9D47A30-087A-4F06-A0B5-622B7E77D633}.Release|x64.Build.0 = Release|Any CPU
		{A9D47A30-087A-4F06-A0B5-622B7E77D633}.Release|x86.ActiveCfg = Release|Any CPU
		{A9D47A30-087A-4F06-A0B5-622B7E77D633}.Release|x86.Build.0 = Release|Any CPU
		{A13459B4-6279-46C4-B11B-4CA8774B26B5}.Debug|Any CPU.ActiveCfg = Debug|Any CPU
		{A13459B4-6279-46C4-B11B-4CA8774B26B5}.Debug|Any CPU.Build.0 = Debug|Any CPU
		{A13459B4-6279-46C4-B11B-4CA8774B26B5}.Debug|x64.ActiveCfg = Debug|Any CPU
		{A13459B4-6279-46C4-B11B-4CA8774B26B5}.Debug|x64.Build.0 = Debug|Any CPU
		{A13459B4-6279-46C4-B11B-4CA8774B26B5}.Debug|x86.ActiveCfg = Debug|Any CPU
		{A13459B4-6279-46C4-B11B-4CA8774B26B5}.Debug|x86.Build.0 = Debug|Any CPU
		{A13459B4-6279-46C4-B11B-4CA8774B26B5}.Release|Any CPU.ActiveCfg = Release|Any CPU
		{A13459B4-6279-46C4-B11B-4CA8774B26B5}.Release|Any CPU.Build.0 = Release|Any CPU
		{A13459B4-6279-46C4-B11B-4CA8774B26B5}.Release|x64.ActiveCfg = Release|Any CPU
		{A13459B4-6279-46C4-B11B-4CA8774B26B5}.Release|x64.Build.0 = Release|Any CPU
		{A13459B4-6279-46C4-B11B-4CA8774B26B5}.Release|x86.ActiveCfg = Release|Any CPU
		{A13459B4-6279-46C4-B11B-4CA8774B26B5}.Release|x86.Build.0 = Release|Any CPU
		{B70BAD41-CBED-4724-8C00-806038A50C2B}.Debug|Any CPU.ActiveCfg = Debug|Any CPU
		{B70BAD41-CBED-4724-8C00-806038A50C2B}.Debug|Any CPU.Build.0 = Debug|Any CPU
		{B70BAD41-CBED-4724-8C00-806038A50C2B}.Debug|x64.ActiveCfg = Debug|Any CPU
		{B70BAD41-CBED-4724-8C00-806038A50C2B}.Debug|x64.Build.0 = Debug|Any CPU
		{B70BAD41-CBED-4724-8C00-806038A50C2B}.Debug|x86.ActiveCfg = Debug|Any CPU
		{B70BAD41-CBED-4724-8C00-806038A50C2B}.Debug|x86.Build.0 = Debug|Any CPU
		{B70BAD41-CBED-4724-8C00-806038A50C2B}.Release|Any CPU.ActiveCfg = Release|Any CPU
		{B70BAD41-CBED-4724-8C00-806038A50C2B}.Release|Any CPU.Build.0 = Release|Any CPU
		{B70BAD41-CBED-4724-8C00-806038A50C2B}.Release|x64.ActiveCfg = Release|Any CPU
		{B70BAD41-CBED-4724-8C00-806038A50C2B}.Release|x64.Build.0 = Release|Any CPU
		{B70BAD41-CBED-4724-8C00-806038A50C2B}.Release|x86.ActiveCfg = Release|Any CPU
		{B70BAD41-CBED-4724-8C00-806038A50C2B}.Release|x86.Build.0 = Release|Any CPU
		{374276AC-618C-44DC-88FB-46BEC08BE8E0}.Debug|Any CPU.ActiveCfg = Debug|Any CPU
		{374276AC-618C-44DC-88FB-46BEC08BE8E0}.Debug|Any CPU.Build.0 = Debug|Any CPU
		{374276AC-618C-44DC-88FB-46BEC08BE8E0}.Debug|x64.ActiveCfg = Debug|Any CPU
		{374276AC-618C-44DC-88FB-46BEC08BE8E0}.Debug|x64.Build.0 = Debug|Any CPU
		{374276AC-618C-44DC-88FB-46BEC08BE8E0}.Debug|x86.ActiveCfg = Debug|Any CPU
		{374276AC-618C-44DC-88FB-46BEC08BE8E0}.Debug|x86.Build.0 = Debug|Any CPU
		{374276AC-618C-44DC-88FB-46BEC08BE8E0}.Release|Any CPU.ActiveCfg = Release|Any CPU
		{374276AC-618C-44DC-88FB-46BEC08BE8E0}.Release|Any CPU.Build.0 = Release|Any CPU
		{374276AC-618C-44DC-88FB-46BEC08BE8E0}.Release|x64.ActiveCfg = Release|Any CPU
		{374276AC-618C-44DC-88FB-46BEC08BE8E0}.Release|x64.Build.0 = Release|Any CPU
		{374276AC-618C-44DC-88FB-46BEC08BE8E0}.Release|x86.ActiveCfg = Release|Any CPU
		{374276AC-618C-44DC-88FB-46BEC08BE8E0}.Release|x86.Build.0 = Release|Any CPU
	EndGlobalSection
	GlobalSection(SolutionProperties) = preSolution
		HideSolutionNode = FALSE
	EndGlobalSection
	GlobalSection(NestedProjects) = preSolution
		{A1D868F8-9F67-452C-8F7F-6AD1CCECFFD7} = {291D93BB-2DCB-47D3-9367-0D69749D41F7}
		{839BF5D1-14B3-4410-A01A-92FB107B805F} = {291D93BB-2DCB-47D3-9367-0D69749D41F7}
		{D14635E5-CBD5-4695-B955-A2113570A459} = {AF962515-21D2-459B-8B0C-D5E21994461D}
		{E684F622-0ED2-40DD-A3B8-B186FEA94A4D} = {AF962515-21D2-459B-8B0C-D5E21994461D}
		{A358B01D-6F0E-4244-AD72-98F3EF80AAC2} = {7EC02D4C-3E69-4D73-835D-45D36DABAE31}
		{393B4F96-C130-45F5-A31A-EAC8111CDE72} = {7EC02D4C-3E69-4D73-835D-45D36DABAE31}
		{6A0786DF-F45A-4A6D-B77D-0CF41891DDB2} = {0F3F3513-DD3C-41F5-91D3-55593DDDF29E}
		{379A9F62-A512-4BD6-9511-35E13583EBCA} = {0F3F3513-DD3C-41F5-91D3-55593DDDF29E}
		{BAEEAEC2-5F73-4A8D-98AB-BC6EDC0EE875} = {DA1668AA-35E1-489B-AB2C-572455001EB6}
		{D42AA71C-0CF1-4CFB-A783-A0F7972D2A52} = {DA1668AA-35E1-489B-AB2C-572455001EB6}
		{50604571-9C6E-4A30-97D5-95CFF0F9429D} = {1220A391-43DA-4E0F-A6E8-DCA94668AD28}
		{D6D2628C-13C0-4CA0-9578-875578C83786} = {1220A391-43DA-4E0F-A6E8-DCA94668AD28}
		{A9D47A30-087A-4F06-A0B5-622B7E77D633} = {FE584456-BF71-404C-84E2-81A682194D64}
		{A13459B4-6279-46C4-B11B-4CA8774B26B5} = {FE584456-BF71-404C-84E2-81A682194D64}
		{B70BAD41-CBED-4724-8C00-806038A50C2B} = {E3862DC8-B9B4-45F3-8BA9-176DABCB1F83}
		{374276AC-618C-44DC-88FB-46BEC08BE8E0} = {E3862DC8-B9B4-45F3-8BA9-176DABCB1F83}
	EndGlobalSection
EndGlobal
